
Microsoft Visual Studio Solution File, Format Version 12.00
# Visual Studio Version 16
VisualStudioVersion = 16.0.30611.23
MinimumVisualStudioVersion = 10.0.40219.1
Project("{FAE04EC0-301F-11D3-BF4B-00C04F79EFBC}") = "somehow", "somehow\somehow.csproj", "{FE3017F4-86CE-4388-BE17-9931CFE00DE1}"
EndProject
Global
	GlobalSection(SolutionConfigurationPlatforms) = preSolution
		Debug|Any CPU = Debug|Any CPU
		Release|Any CPU = Release|Any CPU
	EndGlobalSection
	GlobalSection(ProjectConfigurationPlatforms) = postSolution
		{FE3017F4-86CE-4388-BE17-9931CFE00DE1}.Debug|Any CPU.ActiveCfg = Debug|Any CPU
		{FE3017F4-86CE-4388-BE17-9931CFE00DE1}.Debug|Any CPU.Build.0 = Debug|Any CPU
		{FE3017F4-86CE-4388-BE17-9931CFE00DE1}.Release|Any CPU.ActiveCfg = Release|Any CPU
		{FE3017F4-86CE-4388-BE17-9931CFE00DE1}.Release|Any CPU.Build.0 = Release|Any CPU
	EndGlobalSection
	GlobalSection(SolutionProperties) = preSolution
		HideSolutionNode = FALSE
	EndGlobalSection
	GlobalSection(ExtensibilityGlobals) = postSolution
		SolutionGuid = {F73FE0A1-6547-4DC6-885F-1FC337EAE645}
	EndGlobalSection
EndGlobal
